// !$*UTF8*$!
{
	archiveVersion = 1;
	classes = {
	};
	objectVersion = 46;
	objects = {

/* Begin PBXBuildFile section */
		3229DBB419E45632002624EA /* main.m in Sources */ = {isa = PBXBuildFile; fileRef = 3229DBB319E45632002624EA /* main.m */; };
		3229DBB719E45632002624EA /* AppDelegate.m in Sources */ = {isa = PBXBuildFile; fileRef = 3229DBB619E45632002624EA /* AppDelegate.m */; };
		3229DBBA19E45632002624EA /* ViewController.m in Sources */ = {isa = PBXBuildFile; fileRef = 3229DBB919E45632002624EA /* ViewController.m */; };
		3229DBBD19E45632002624EA /* Main.storyboard in Resources */ = {isa = PBXBuildFile; fileRef = 3229DBBB19E45632002624EA /* Main.storyboard */; };
		3229DBBF19E45632002624EA /* Images.xcassets in Resources */ = {isa = PBXBuildFile; fileRef = 3229DBBE19E45632002624EA /* Images.xcassets */; };
		3229DBC219E45632002624EA /* LaunchScreen.xib in Resources */ = {isa = PBXBuildFile; fileRef = 3229DBC019E45632002624EA /* LaunchScreen.xib */; };
		3229DBCE19E45632002624EA /* UTWHackathonTests.m in Sources */ = {isa = PBXBuildFile; fileRef = 3229DBCD19E45632002624EA /* UTWHackathonTests.m */; };
		32AC961319E47B9F008BC9BC /* ExternalAccessory.framework in Frameworks */ = {isa = PBXBuildFile; fileRef = D2DBC97A19E46ABA00B5E398 /* ExternalAccessory.framework */; };
		32AC961419E47BAB008BC9BC /* CoreMotion.framework in Frameworks */ = {isa = PBXBuildFile; fileRef = D2DBC97C19E46AC300B5E398 /* CoreMotion.framework */; };
		32AC961A19E491CC008BC9BC /* Robot.m in Sources */ = {isa = PBXBuildFile; fileRef = 32AC961919E491CC008BC9BC /* Robot.m */; };
		45F72AE019E4750200106A61 /* RoboTestViewController.m in Sources */ = {isa = PBXBuildFile; fileRef = 45F72ADF19E4750200106A61 /* RoboTestViewController.m */; };
		A52FCBF119E4A1D80041E5D3 /* GamePlay.m in Sources */ = {isa = PBXBuildFile; fileRef = A52FCBF019E4A1D80041E5D3 /* GamePlay.m */; };
		A543B51D19E4C5FE000D8D21 /* football-icon.png in Resources */ = {isa = PBXBuildFile; fileRef = A543B51C19E4C5FD000D8D21 /* football-icon.png */; };
		D213BD4019E4808F00732F7E /* GameData.m in Sources */ = {isa = PBXBuildFile; fileRef = D213BD3F19E4808F00732F7E /* GameData.m */; };
		D2DBC98519E46CDB00B5E398 /* RobotUIKit.bundle in Resources */ = {isa = PBXBuildFile; fileRef = D2DBC98219E46CDB00B5E398 /* RobotUIKit.bundle */; };
		D2DBC98D19E46DD800B5E398 /* RobotKit.framework in Frameworks */ = {isa = PBXBuildFile; fileRef = D2DBC98119E46CDB00B5E398 /* RobotKit.framework */; };
		D2DBC98E19E46DD800B5E398 /* RobotUIKit.bundle in Frameworks */ = {isa = PBXBuildFile; fileRef = D2DBC98219E46CDB00B5E398 /* RobotUIKit.bundle */; };
		D2DBC98F19E46DD800B5E398 /* RobotUIKit.framework in Frameworks */ = {isa = PBXBuildFile; fileRef = D2DBC98319E46CDB00B5E398 /* RobotUIKit.framework */; };
		D2DBC99519E475EC00B5E398 /* GameSelectionViewController.m in Sources */ = {isa = PBXBuildFile; fileRef = D2DBC99419E475EC00B5E398 /* GameSelectionViewController.m */; };
		D86EA3BE19E475F8006DD644 /* libicucore.dylib in Frameworks */ = {isa = PBXBuildFile; fileRef = D86EA3BD19E475F8006DD644 /* libicucore.dylib */; };
		D86EA3C019E47604006DD644 /* CFNetwork.framework in Frameworks */ = {isa = PBXBuildFile; fileRef = D86EA3BF19E47604006DD644 /* CFNetwork.framework */; };
		D86EA3C219E4760D006DD644 /* Security.framework in Frameworks */ = {isa = PBXBuildFile; fileRef = D86EA3C119E4760D006DD644 /* Security.framework */; };
		D86EA3C419E47616006DD644 /* Foundation.framework in Frameworks */ = {isa = PBXBuildFile; fileRef = D86EA3C319E47616006DD644 /* Foundation.framework */; };
		D86EA3CD19E48080006DD644 /* SRWebSocket.m in Sources */ = {isa = PBXBuildFile; fileRef = D86EA3CC19E48080006DD644 /* SRWebSocket.m */; };
		D86EA3E219E48369006DD644 /* AFHTTPRequestOperation.m in Sources */ = {isa = PBXBuildFile; fileRef = D86EA3D019E48369006DD644 /* AFHTTPRequestOperation.m */; };
		D86EA3E319E48369006DD644 /* AFHTTPRequestOperationManager.m in Sources */ = {isa = PBXBuildFile; fileRef = D86EA3D219E48369006DD644 /* AFHTTPRequestOperationManager.m */; };
		D86EA3E419E48369006DD644 /* AFHTTPSessionManager.m in Sources */ = {isa = PBXBuildFile; fileRef = D86EA3D419E48369006DD644 /* AFHTTPSessionManager.m */; };
		D86EA3E519E48369006DD644 /* AFNetworkReachabilityManager.m in Sources */ = {isa = PBXBuildFile; fileRef = D86EA3D719E48369006DD644 /* AFNetworkReachabilityManager.m */; };
		D86EA3E619E48369006DD644 /* AFSecurityPolicy.m in Sources */ = {isa = PBXBuildFile; fileRef = D86EA3D919E48369006DD644 /* AFSecurityPolicy.m */; };
		D86EA3E719E48369006DD644 /* AFURLConnectionOperation.m in Sources */ = {isa = PBXBuildFile; fileRef = D86EA3DB19E48369006DD644 /* AFURLConnectionOperation.m */; };
		D86EA3E819E48369006DD644 /* AFURLRequestSerialization.m in Sources */ = {isa = PBXBuildFile; fileRef = D86EA3DD19E48369006DD644 /* AFURLRequestSerialization.m */; };
		D86EA3E919E48369006DD644 /* AFURLResponseSerialization.m in Sources */ = {isa = PBXBuildFile; fileRef = D86EA3DF19E48369006DD644 /* AFURLResponseSerialization.m */; };
		D86EA3EA19E48369006DD644 /* AFURLSessionManager.m in Sources */ = {isa = PBXBuildFile; fileRef = D86EA3E119E48369006DD644 /* AFURLSessionManager.m */; };
		D86EA3ED19E489E1006DD644 /* GamePreviewData.m in Sources */ = {isa = PBXBuildFile; fileRef = D86EA3EC19E489E1006DD644 /* GamePreviewData.m */; };
		D87FEE4819E4AFDF00697B5A /* GameViewController.m in Sources */ = {isa = PBXBuildFile; fileRef = D87FEE4719E4AFDF00697B5A /* GameViewController.m */; };
/* End PBXBuildFile section */

/* Begin PBXContainerItemProxy section */
		3229DBC819E45632002624EA /* PBXContainerItemProxy */ = {
			isa = PBXContainerItemProxy;
			containerPortal = 3229DBA619E45632002624EA /* Project object */;
			proxyType = 1;
			remoteGlobalIDString = 3229DBAD19E45632002624EA;
			remoteInfo = UTWHackathon;
		};
/* End PBXContainerItemProxy section */

/* Begin PBXFileReference section */
		3229DBAE19E45632002624EA /* UTWHackathon.app */ = {isa = PBXFileReference; explicitFileType = wrapper.application; includeInIndex = 0; path = UTWHackathon.app; sourceTree = BUILT_PRODUCTS_DIR; };
		3229DBB219E45632002624EA /* Info.plist */ = {isa = PBXFileReference; lastKnownFileType = text.plist.xml; path = Info.plist; sourceTree = "<group>"; };
		3229DBB319E45632002624EA /* main.m */ = {isa = PBXFileReference; lastKnownFileType = sourcecode.c.objc; path = main.m; sourceTree = "<group>"; };
		3229DBB519E45632002624EA /* AppDelegate.h */ = {isa = PBXFileReference; lastKnownFileType = sourcecode.c.h; path = AppDelegate.h; sourceTree = "<group>"; };
		3229DBB619E45632002624EA /* AppDelegate.m */ = {isa = PBXFileReference; lastKnownFileType = sourcecode.c.objc; path = AppDelegate.m; sourceTree = "<group>"; };
		3229DBB819E45632002624EA /* ViewController.h */ = {isa = PBXFileReference; lastKnownFileType = sourcecode.c.h; path = ViewController.h; sourceTree = "<group>"; };
		3229DBB919E45632002624EA /* ViewController.m */ = {isa = PBXFileReference; lastKnownFileType = sourcecode.c.objc; path = ViewController.m; sourceTree = "<group>"; };
		3229DBBC19E45632002624EA /* Base */ = {isa = PBXFileReference; lastKnownFileType = file.storyboard; name = Base; path = Base.lproj/Main.storyboard; sourceTree = "<group>"; };
		3229DBBE19E45632002624EA /* Images.xcassets */ = {isa = PBXFileReference; lastKnownFileType = folder.assetcatalog; path = Images.xcassets; sourceTree = "<group>"; };
		3229DBC119E45632002624EA /* Base */ = {isa = PBXFileReference; lastKnownFileType = file.xib; name = Base; path = Base.lproj/LaunchScreen.xib; sourceTree = "<group>"; };
		3229DBC719E45632002624EA /* UTWHackathonTests.xctest */ = {isa = PBXFileReference; explicitFileType = wrapper.cfbundle; includeInIndex = 0; path = UTWHackathonTests.xctest; sourceTree = BUILT_PRODUCTS_DIR; };
		3229DBCC19E45632002624EA /* Info.plist */ = {isa = PBXFileReference; lastKnownFileType = text.plist.xml; path = Info.plist; sourceTree = "<group>"; };
		3229DBCD19E45632002624EA /* UTWHackathonTests.m */ = {isa = PBXFileReference; lastKnownFileType = sourcecode.c.objc; path = UTWHackathonTests.m; sourceTree = "<group>"; };
		32AC961819E491CC008BC9BC /* Robot.h */ = {isa = PBXFileReference; fileEncoding = 4; lastKnownFileType = sourcecode.c.h; name = Robot.h; path = Robot/Robot.h; sourceTree = "<group>"; };
		32AC961919E491CC008BC9BC /* Robot.m */ = {isa = PBXFileReference; fileEncoding = 4; lastKnownFileType = sourcecode.c.objc; name = Robot.m; path = Robot/Robot.m; sourceTree = "<group>"; };
		45F72ADE19E4750200106A61 /* RoboTestViewController.h */ = {isa = PBXFileReference; fileEncoding = 4; lastKnownFileType = sourcecode.c.h; path = RoboTestViewController.h; sourceTree = "<group>"; };
		45F72ADF19E4750200106A61 /* RoboTestViewController.m */ = {isa = PBXFileReference; fileEncoding = 4; lastKnownFileType = sourcecode.c.objc; path = RoboTestViewController.m; sourceTree = "<group>"; };
		A52FCBEF19E4A1D80041E5D3 /* GamePlay.h */ = {isa = PBXFileReference; fileEncoding = 4; lastKnownFileType = sourcecode.c.h; path = GamePlay.h; sourceTree = "<group>"; };
		A52FCBF019E4A1D80041E5D3 /* GamePlay.m */ = {isa = PBXFileReference; fileEncoding = 4; lastKnownFileType = sourcecode.c.objc; path = GamePlay.m; sourceTree = "<group>"; };
		A543B51C19E4C5FD000D8D21 /* football-icon.png */ = {isa = PBXFileReference; lastKnownFileType = image.png; path = "football-icon.png"; sourceTree = "<group>"; };
		D213BD3E19E4808F00732F7E /* GameData.h */ = {isa = PBXFileReference; fileEncoding = 4; lastKnownFileType = sourcecode.c.h; path = GameData.h; sourceTree = "<group>"; };
		D213BD3F19E4808F00732F7E /* GameData.m */ = {isa = PBXFileReference; fileEncoding = 4; lastKnownFileType = sourcecode.c.objc; path = GameData.m; sourceTree = "<group>"; };
		D2DBC97A19E46ABA00B5E398 /* ExternalAccessory.framework */ = {isa = PBXFileReference; lastKnownFileType = wrapper.framework; name = ExternalAccessory.framework; path = System/Library/Frameworks/ExternalAccessory.framework; sourceTree = SDKROOT; };
		D2DBC97C19E46AC300B5E398 /* CoreMotion.framework */ = {isa = PBXFileReference; lastKnownFileType = wrapper.framework; name = CoreMotion.framework; path = System/Library/Frameworks/CoreMotion.framework; sourceTree = SDKROOT; };
		D2DBC98119E46CDB00B5E398 /* RobotKit.framework */ = {isa = PBXFileReference; lastKnownFileType = wrapper.framework; path = RobotKit.framework; sourceTree = "<group>"; };
		D2DBC98219E46CDB00B5E398 /* RobotUIKit.bundle */ = {isa = PBXFileReference; lastKnownFileType = "wrapper.plug-in"; path = RobotUIKit.bundle; sourceTree = "<group>"; };
		D2DBC98319E46CDB00B5E398 /* RobotUIKit.framework */ = {isa = PBXFileReference; lastKnownFileType = wrapper.framework; path = RobotUIKit.framework; sourceTree = "<group>"; };
		D2DBC99319E475EC00B5E398 /* GameSelectionViewController.h */ = {isa = PBXFileReference; fileEncoding = 4; lastKnownFileType = sourcecode.c.h; path = GameSelectionViewController.h; sourceTree = "<group>"; };
		D2DBC99419E475EC00B5E398 /* GameSelectionViewController.m */ = {isa = PBXFileReference; fileEncoding = 4; lastKnownFileType = sourcecode.c.objc; path = GameSelectionViewController.m; sourceTree = "<group>"; };
		D86EA3BD19E475F8006DD644 /* libicucore.dylib */ = {isa = PBXFileReference; lastKnownFileType = "compiled.mach-o.dylib"; name = libicucore.dylib; path = usr/lib/libicucore.dylib; sourceTree = SDKROOT; };
		D86EA3BF19E47604006DD644 /* CFNetwork.framework */ = {isa = PBXFileReference; lastKnownFileType = wrapper.framework; name = CFNetwork.framework; path = System/Library/Frameworks/CFNetwork.framework; sourceTree = SDKROOT; };
		D86EA3C119E4760D006DD644 /* Security.framework */ = {isa = PBXFileReference; lastKnownFileType = wrapper.framework; name = Security.framework; path = System/Library/Frameworks/Security.framework; sourceTree = SDKROOT; };
		D86EA3C319E47616006DD644 /* Foundation.framework */ = {isa = PBXFileReference; lastKnownFileType = wrapper.framework; name = Foundation.framework; path = System/Library/Frameworks/Foundation.framework; sourceTree = SDKROOT; };
		D86EA3CA19E48080006DD644 /* SocketRocket-Prefix.pch */ = {isa = PBXFileReference; fileEncoding = 4; lastKnownFileType = sourcecode.c.h; path = "SocketRocket-Prefix.pch"; sourceTree = "<group>"; };
		D86EA3CB19E48080006DD644 /* SRWebSocket.h */ = {isa = PBXFileReference; fileEncoding = 4; lastKnownFileType = sourcecode.c.h; path = SRWebSocket.h; sourceTree = "<group>"; };
		D86EA3CC19E48080006DD644 /* SRWebSocket.m */ = {isa = PBXFileReference; fileEncoding = 4; lastKnownFileType = sourcecode.c.objc; path = SRWebSocket.m; sourceTree = "<group>"; };
		D86EA3CF19E48369006DD644 /* AFHTTPRequestOperation.h */ = {isa = PBXFileReference; fileEncoding = 4; lastKnownFileType = sourcecode.c.h; path = AFHTTPRequestOperation.h; sourceTree = "<group>"; };
		D86EA3D019E48369006DD644 /* AFHTTPRequestOperation.m */ = {isa = PBXFileReference; fileEncoding = 4; lastKnownFileType = sourcecode.c.objc; path = AFHTTPRequestOperation.m; sourceTree = "<group>"; };
		D86EA3D119E48369006DD644 /* AFHTTPRequestOperationManager.h */ = {isa = PBXFileReference; fileEncoding = 4; lastKnownFileType = sourcecode.c.h; path = AFHTTPRequestOperationManager.h; sourceTree = "<group>"; };
		D86EA3D219E48369006DD644 /* AFHTTPRequestOperationManager.m */ = {isa = PBXFileReference; fileEncoding = 4; lastKnownFileType = sourcecode.c.objc; path = AFHTTPRequestOperationManager.m; sourceTree = "<group>"; };
		D86EA3D319E48369006DD644 /* AFHTTPSessionManager.h */ = {isa = PBXFileReference; fileEncoding = 4; lastKnownFileType = sourcecode.c.h; path = AFHTTPSessionManager.h; sourceTree = "<group>"; };
		D86EA3D419E48369006DD644 /* AFHTTPSessionManager.m */ = {isa = PBXFileReference; fileEncoding = 4; lastKnownFileType = sourcecode.c.objc; path = AFHTTPSessionManager.m; sourceTree = "<group>"; };
		D86EA3D519E48369006DD644 /* AFNetworking.h */ = {isa = PBXFileReference; fileEncoding = 4; lastKnownFileType = sourcecode.c.h; path = AFNetworking.h; sourceTree = "<group>"; };
		D86EA3D619E48369006DD644 /* AFNetworkReachabilityManager.h */ = {isa = PBXFileReference; fileEncoding = 4; lastKnownFileType = sourcecode.c.h; path = AFNetworkReachabilityManager.h; sourceTree = "<group>"; };
		D86EA3D719E48369006DD644 /* AFNetworkReachabilityManager.m */ = {isa = PBXFileReference; fileEncoding = 4; lastKnownFileType = sourcecode.c.objc; path = AFNetworkReachabilityManager.m; sourceTree = "<group>"; };
		D86EA3D819E48369006DD644 /* AFSecurityPolicy.h */ = {isa = PBXFileReference; fileEncoding = 4; lastKnownFileType = sourcecode.c.h; path = AFSecurityPolicy.h; sourceTree = "<group>"; };
		D86EA3D919E48369006DD644 /* AFSecurityPolicy.m */ = {isa = PBXFileReference; fileEncoding = 4; lastKnownFileType = sourcecode.c.objc; path = AFSecurityPolicy.m; sourceTree = "<group>"; };
		D86EA3DA19E48369006DD644 /* AFURLConnectionOperation.h */ = {isa = PBXFileReference; fileEncoding = 4; lastKnownFileType = sourcecode.c.h; path = AFURLConnectionOperation.h; sourceTree = "<group>"; };
		D86EA3DB19E48369006DD644 /* AFURLConnectionOperation.m */ = {isa = PBXFileReference; fileEncoding = 4; lastKnownFileType = sourcecode.c.objc; path = AFURLConnectionOperation.m; sourceTree = "<group>"; };
		D86EA3DC19E48369006DD644 /* AFURLRequestSerialization.h */ = {isa = PBXFileReference; fileEncoding = 4; lastKnownFileType = sourcecode.c.h; path = AFURLRequestSerialization.h; sourceTree = "<group>"; };
		D86EA3DD19E48369006DD644 /* AFURLRequestSerialization.m */ = {isa = PBXFileReference; fileEncoding = 4; lastKnownFileType = sourcecode.c.objc; path = AFURLRequestSerialization.m; sourceTree = "<group>"; };
		D86EA3DE19E48369006DD644 /* AFURLResponseSerialization.h */ = {isa = PBXFileReference; fileEncoding = 4; lastKnownFileType = sourcecode.c.h; path = AFURLResponseSerialization.h; sourceTree = "<group>"; };
		D86EA3DF19E48369006DD644 /* AFURLResponseSerialization.m */ = {isa = PBXFileReference; fileEncoding = 4; lastKnownFileType = sourcecode.c.objc; path = AFURLResponseSerialization.m; sourceTree = "<group>"; };
		D86EA3E019E48369006DD644 /* AFURLSessionManager.h */ = {isa = PBXFileReference; fileEncoding = 4; lastKnownFileType = sourcecode.c.h; path = AFURLSessionManager.h; sourceTree = "<group>"; };
		D86EA3E119E48369006DD644 /* AFURLSessionManager.m */ = {isa = PBXFileReference; fileEncoding = 4; lastKnownFileType = sourcecode.c.objc; path = AFURLSessionManager.m; sourceTree = "<group>"; };
		D86EA3EB19E489E1006DD644 /* GamePreviewData.h */ = {isa = PBXFileReference; fileEncoding = 4; lastKnownFileType = sourcecode.c.h; path = GamePreviewData.h; sourceTree = "<group>"; };
		D86EA3EC19E489E1006DD644 /* GamePreviewData.m */ = {isa = PBXFileReference; fileEncoding = 4; lastKnownFileType = sourcecode.c.objc; path = GamePreviewData.m; sourceTree = "<group>"; };
		D87FEE4619E4AFDF00697B5A /* GameViewController.h */ = {isa = PBXFileReference; fileEncoding = 4; lastKnownFileType = sourcecode.c.h; path = GameViewController.h; sourceTree = "<group>"; };
		D87FEE4719E4AFDF00697B5A /* GameViewController.m */ = {isa = PBXFileReference; fileEncoding = 4; lastKnownFileType = sourcecode.c.objc; path = GameViewController.m; sourceTree = "<group>"; };
/* End PBXFileReference section */

/* Begin PBXFrameworksBuildPhase section */
		3229DBAB19E45632002624EA /* Frameworks */ = {
			isa = PBXFrameworksBuildPhase;
			buildActionMask = 2147483647;
			files = (
				32AC961419E47BAB008BC9BC /* CoreMotion.framework in Frameworks */,
				32AC961319E47B9F008BC9BC /* ExternalAccessory.framework in Frameworks */,
				D86EA3C419E47616006DD644 /* Foundation.framework in Frameworks */,
				D86EA3C219E4760D006DD644 /* Security.framework in Frameworks */,
				D86EA3C019E47604006DD644 /* CFNetwork.framework in Frameworks */,
				D86EA3BE19E475F8006DD644 /* libicucore.dylib in Frameworks */,
				D2DBC98D19E46DD800B5E398 /* RobotKit.framework in Frameworks */,
				D2DBC98E19E46DD800B5E398 /* RobotUIKit.bundle in Frameworks */,
				D2DBC98F19E46DD800B5E398 /* RobotUIKit.framework in Frameworks */,
			);
			runOnlyForDeploymentPostprocessing = 0;
		};
		3229DBC419E45632002624EA /* Frameworks */ = {
			isa = PBXFrameworksBuildPhase;
			buildActionMask = 2147483647;
			files = (
			);
			runOnlyForDeploymentPostprocessing = 0;
		};
/* End PBXFrameworksBuildPhase section */

/* Begin PBXGroup section */
		3229DBA519E45632002624EA = {
			isa = PBXGroup;
			children = (
				D86EA3C319E47616006DD644 /* Foundation.framework */,
				D86EA3C119E4760D006DD644 /* Security.framework */,
				D86EA3BF19E47604006DD644 /* CFNetwork.framework */,
				D86EA3BD19E475F8006DD644 /* libicucore.dylib */,
				D86EA3C919E48080006DD644 /* SocketRocket */,
				D86EA3CE19E48369006DD644 /* AFNetworking */,
				3229DBB019E45632002624EA /* UTWHackathon */,
				3229DBCA19E45632002624EA /* UTWHackathonTests */,
				3229DBAF19E45632002624EA /* Products */,
			);
			sourceTree = "<group>";
		};
		3229DBAF19E45632002624EA /* Products */ = {
			isa = PBXGroup;
			children = (
				3229DBAE19E45632002624EA /* UTWHackathon.app */,
				3229DBC719E45632002624EA /* UTWHackathonTests.xctest */,
			);
			name = Products;
			sourceTree = "<group>";
		};
		3229DBB019E45632002624EA /* UTWHackathon */ = {
			isa = PBXGroup;
			children = (
				A543B51C19E4C5FD000D8D21 /* football-icon.png */,
				32AC960C19E471BA008BC9BC /* Robot */,
				3229DBB519E45632002624EA /* AppDelegate.h */,
				3229DBB619E45632002624EA /* AppDelegate.m */,
				D213BD3E19E4808F00732F7E /* GameData.h */,
				D213BD3F19E4808F00732F7E /* GameData.m */,
				D86EA3EB19E489E1006DD644 /* GamePreviewData.h */,
				D86EA3EC19E489E1006DD644 /* GamePreviewData.m */,
				3229DBB819E45632002624EA /* ViewController.h */,
				3229DBB919E45632002624EA /* ViewController.m */,
				D2DBC99319E475EC00B5E398 /* GameSelectionViewController.h */,
				D2DBC99419E475EC00B5E398 /* GameSelectionViewController.m */,
				45F72ADE19E4750200106A61 /* RoboTestViewController.h */,
				45F72ADF19E4750200106A61 /* RoboTestViewController.m */,
				3229DBBB19E45632002624EA /* Main.storyboard */,
				3229DBBE19E45632002624EA /* Images.xcassets */,
				3229DBC019E45632002624EA /* LaunchScreen.xib */,
				3229DBB119E45632002624EA /* Supporting Files */,
				A52FCBEF19E4A1D80041E5D3 /* GamePlay.h */,
				A52FCBF019E4A1D80041E5D3 /* GamePlay.m */,
				D87FEE4619E4AFDF00697B5A /* GameViewController.h */,
				D87FEE4719E4AFDF00697B5A /* GameViewController.m */,
			);
			path = UTWHackathon;
			sourceTree = "<group>";
		};
		3229DBB119E45632002624EA /* Supporting Files */ = {
			isa = PBXGroup;
			children = (
				D2DBC97C19E46AC300B5E398 /* CoreMotion.framework */,
				D2DBC97A19E46ABA00B5E398 /* ExternalAccessory.framework */,
				D2DBC98119E46CDB00B5E398 /* RobotKit.framework */,
				D2DBC98219E46CDB00B5E398 /* RobotUIKit.bundle */,
				D2DBC98319E46CDB00B5E398 /* RobotUIKit.framework */,
				3229DBB219E45632002624EA /* Info.plist */,
				3229DBB319E45632002624EA /* main.m */,
			);
			name = "Supporting Files";
			sourceTree = "<group>";
		};
		3229DBCA19E45632002624EA /* UTWHackathonTests */ = {
			isa = PBXGroup;
			children = (
				3229DBCD19E45632002624EA /* UTWHackathonTests.m */,
				3229DBCB19E45632002624EA /* Supporting Files */,
			);
			path = UTWHackathonTests;
			sourceTree = "<group>";
		};
		3229DBCB19E45632002624EA /* Supporting Files */ = {
			isa = PBXGroup;
			children = (
				3229DBCC19E45632002624EA /* Info.plist */,
			);
			name = "Supporting Files";
			sourceTree = "<group>";
		};
		32AC960C19E471BA008BC9BC /* Robot */ = {
			isa = PBXGroup;
			children = (
				32AC961819E491CC008BC9BC /* Robot.h */,
				32AC961919E491CC008BC9BC /* Robot.m */,
			);
			name = Robot;
			sourceTree = "<group>";
		};
		D86EA3C919E48080006DD644 /* SocketRocket */ = {
			isa = PBXGroup;
			children = (
				D86EA3CA19E48080006DD644 /* SocketRocket-Prefix.pch */,
				D86EA3CB19E48080006DD644 /* SRWebSocket.h */,
				D86EA3CC19E48080006DD644 /* SRWebSocket.m */,
			);
			path = SocketRocket;
			sourceTree = "<group>";
		};
		D86EA3CE19E48369006DD644 /* AFNetworking */ = {
			isa = PBXGroup;
			children = (
				D86EA3CF19E48369006DD644 /* AFHTTPRequestOperation.h */,
				D86EA3D019E48369006DD644 /* AFHTTPRequestOperation.m */,
				D86EA3D119E48369006DD644 /* AFHTTPRequestOperationManager.h */,
				D86EA3D219E48369006DD644 /* AFHTTPRequestOperationManager.m */,
				D86EA3D319E48369006DD644 /* AFHTTPSessionManager.h */,
				D86EA3D419E48369006DD644 /* AFHTTPSessionManager.m */,
				D86EA3D519E48369006DD644 /* AFNetworking.h */,
				D86EA3D619E48369006DD644 /* AFNetworkReachabilityManager.h */,
				D86EA3D719E48369006DD644 /* AFNetworkReachabilityManager.m */,
				D86EA3D819E48369006DD644 /* AFSecurityPolicy.h */,
				D86EA3D919E48369006DD644 /* AFSecurityPolicy.m */,
				D86EA3DA19E48369006DD644 /* AFURLConnectionOperation.h */,
				D86EA3DB19E48369006DD644 /* AFURLConnectionOperation.m */,
				D86EA3DC19E48369006DD644 /* AFURLRequestSerialization.h */,
				D86EA3DD19E48369006DD644 /* AFURLRequestSerialization.m */,
				D86EA3DE19E48369006DD644 /* AFURLResponseSerialization.h */,
				D86EA3DF19E48369006DD644 /* AFURLResponseSerialization.m */,
				D86EA3E019E48369006DD644 /* AFURLSessionManager.h */,
				D86EA3E119E48369006DD644 /* AFURLSessionManager.m */,
			);
			path = AFNetworking;
			sourceTree = "<group>";
		};
/* End PBXGroup section */

/* Begin PBXNativeTarget section */
		3229DBAD19E45632002624EA /* UTWHackathon */ = {
			isa = PBXNativeTarget;
			buildConfigurationList = 3229DBD119E45632002624EA /* Build configuration list for PBXNativeTarget "UTWHackathon" */;
			buildPhases = (
				3229DBAA19E45632002624EA /* Sources */,
				3229DBAB19E45632002624EA /* Frameworks */,
				3229DBAC19E45632002624EA /* Resources */,
			);
			buildRules = (
			);
			dependencies = (
			);
			name = UTWHackathon;
			productName = UTWHackathon;
			productReference = 3229DBAE19E45632002624EA /* UTWHackathon.app */;
			productType = "com.apple.product-type.application";
		};
		3229DBC619E45632002624EA /* UTWHackathonTests */ = {
			isa = PBXNativeTarget;
			buildConfigurationList = 3229DBD419E45632002624EA /* Build configuration list for PBXNativeTarget "UTWHackathonTests" */;
			buildPhases = (
				3229DBC319E45632002624EA /* Sources */,
				3229DBC419E45632002624EA /* Frameworks */,
				3229DBC519E45632002624EA /* Resources */,
			);
			buildRules = (
			);
			dependencies = (
				3229DBC919E45632002624EA /* PBXTargetDependency */,
			);
			name = UTWHackathonTests;
			productName = UTWHackathonTests;
			productReference = 3229DBC719E45632002624EA /* UTWHackathonTests.xctest */;
			productType = "com.apple.product-type.bundle.unit-test";
		};
/* End PBXNativeTarget section */

/* Begin PBXProject section */
		3229DBA619E45632002624EA /* Project object */ = {
			isa = PBXProject;
			attributes = {
				LastUpgradeCheck = 0600;
				ORGANIZATIONNAME = TradeStation;
				TargetAttributes = {
					3229DBAD19E45632002624EA = {
						CreatedOnToolsVersion = 6.0.1;
					};
					3229DBC619E45632002624EA = {
						CreatedOnToolsVersion = 6.0.1;
						TestTargetID = 3229DBAD19E45632002624EA;
					};
				};
			};
			buildConfigurationList = 3229DBA919E45632002624EA /* Build configuration list for PBXProject "UTWHackathon" */;
			compatibilityVersion = "Xcode 3.2";
			developmentRegion = English;
			hasScannedForEncodings = 0;
			knownRegions = (
				en,
				Base,
			);
			mainGroup = 3229DBA519E45632002624EA;
			productRefGroup = 3229DBAF19E45632002624EA /* Products */;
			projectDirPath = "";
			projectRoot = "";
			targets = (
				3229DBAD19E45632002624EA /* UTWHackathon */,
				3229DBC619E45632002624EA /* UTWHackathonTests */,
			);
		};
/* End PBXProject section */

/* Begin PBXResourcesBuildPhase section */
		3229DBAC19E45632002624EA /* Resources */ = {
			isa = PBXResourcesBuildPhase;
			buildActionMask = 2147483647;
			files = (
				A543B51D19E4C5FE000D8D21 /* football-icon.png in Resources */,
				3229DBBD19E45632002624EA /* Main.storyboard in Resources */,
				D2DBC98519E46CDB00B5E398 /* RobotUIKit.bundle in Resources */,
				3229DBC219E45632002624EA /* LaunchScreen.xib in Resources */,
				3229DBBF19E45632002624EA /* Images.xcassets in Resources */,
			);
			runOnlyForDeploymentPostprocessing = 0;
		};
		3229DBC519E45632002624EA /* Resources */ = {
			isa = PBXResourcesBuildPhase;
			buildActionMask = 2147483647;
			files = (
			);
			runOnlyForDeploymentPostprocessing = 0;
		};
/* End PBXResourcesBuildPhase section */

/* Begin PBXSourcesBuildPhase section */
		3229DBAA19E45632002624EA /* Sources */ = {
			isa = PBXSourcesBuildPhase;
			buildActionMask = 2147483647;
			files = (
				D87FEE4819E4AFDF00697B5A /* GameViewController.m in Sources */,
				D86EA3E719E48369006DD644 /* AFURLConnectionOperation.m in Sources */,
				3229DBBA19E45632002624EA /* ViewController.m in Sources */,
				A52FCBF119E4A1D80041E5D3 /* GamePlay.m in Sources */,
				D2DBC99519E475EC00B5E398 /* GameSelectionViewController.m in Sources */,
				3229DBB719E45632002624EA /* AppDelegate.m in Sources */,
				D86EA3E919E48369006DD644 /* AFURLResponseSerialization.m in Sources */,
				3229DBB419E45632002624EA /* main.m in Sources */,
				D86EA3E819E48369006DD644 /* AFURLRequestSerialization.m in Sources */,
				D86EA3E619E48369006DD644 /* AFSecurityPolicy.m in Sources */,
				32AC961A19E491CC008BC9BC /* Robot.m in Sources */,
				D86EA3E219E48369006DD644 /* AFHTTPRequestOperation.m in Sources */,
				D86EA3EA19E48369006DD644 /* AFURLSessionManager.m in Sources */,
				D86EA3CD19E48080006DD644 /* SRWebSocket.m in Sources */,
				D86EA3E419E48369006DD644 /* AFHTTPSessionManager.m in Sources */,
				D86EA3ED19E489E1006DD644 /* GamePreviewData.m in Sources */,
				D213BD4019E4808F00732F7E /* GameData.m in Sources */,
				45F72AE019E4750200106A61 /* RoboTestViewController.m in Sources */,
				D86EA3E519E48369006DD644 /* AFNetworkReachabilityManager.m in Sources */,
				D86EA3E319E48369006DD644 /* AFHTTPRequestOperationManager.m in Sources */,
			);
			runOnlyForDeploymentPostprocessing = 0;
		};
		3229DBC319E45632002624EA /* Sources */ = {
			isa = PBXSourcesBuildPhase;
			buildActionMask = 2147483647;
			files = (
				3229DBCE19E45632002624EA /* UTWHackathonTests.m in Sources */,
			);
			runOnlyForDeploymentPostprocessing = 0;
		};
/* End PBXSourcesBuildPhase section */

/* Begin PBXTargetDependency section */
		3229DBC919E45632002624EA /* PBXTargetDependency */ = {
			isa = PBXTargetDependency;
			target = 3229DBAD19E45632002624EA /* UTWHackathon */;
			targetProxy = 3229DBC819E45632002624EA /* PBXContainerItemProxy */;
		};
/* End PBXTargetDependency section */

/* Begin PBXVariantGroup section */
		3229DBBB19E45632002624EA /* Main.storyboard */ = {
			isa = PBXVariantGroup;
			children = (
				3229DBBC19E45632002624EA /* Base */,
			);
			name = Main.storyboard;
			sourceTree = "<group>";
		};
		3229DBC019E45632002624EA /* LaunchScreen.xib */ = {
			isa = PBXVariantGroup;
			children = (
				3229DBC119E45632002624EA /* Base */,
			);
			name = LaunchScreen.xib;
			sourceTree = "<group>";
		};
/* End PBXVariantGroup section */

/* Begin XCBuildConfiguration section */
		3229DBCF19E45632002624EA /* Debug */ = {
			isa = XCBuildConfiguration;
			buildSettings = {
				ALWAYS_SEARCH_USER_PATHS = NO;
				ARCHS = armv7;
				CLANG_CXX_LANGUAGE_STANDARD = "gnu++0x";
				CLANG_CXX_LIBRARY = "libc++";
				CLANG_ENABLE_MODULES = YES;
				CLANG_ENABLE_OBJC_ARC = YES;
				CLANG_WARN_BOOL_CONVERSION = YES;
				CLANG_WARN_CONSTANT_CONVERSION = YES;
				CLANG_WARN_DIRECT_OBJC_ISA_USAGE = YES_ERROR;
				CLANG_WARN_EMPTY_BODY = YES;
				CLANG_WARN_ENUM_CONVERSION = YES;
				CLANG_WARN_INT_CONVERSION = YES;
				CLANG_WARN_OBJC_ROOT_CLASS = YES_ERROR;
				CLANG_WARN_UNREACHABLE_CODE = YES;
				CLANG_WARN__DUPLICATE_METHOD_MATCH = YES;
				"CODE_SIGN_IDENTITY[sdk=iphoneos*]" = "iPhone Developer";
				COPY_PHASE_STRIP = NO;
				ENABLE_STRICT_OBJC_MSGSEND = YES;
				GCC_C_LANGUAGE_STANDARD = gnu99;
				GCC_DYNAMIC_NO_PIC = NO;
				GCC_OPTIMIZATION_LEVEL = 0;
				GCC_PREPROCESSOR_DEFINITIONS = (
					"DEBUG=1",
					"$(inherited)",
				);
				GCC_SYMBOLS_PRIVATE_EXTERN = NO;
				GCC_WARN_64_TO_32_BIT_CONVERSION = YES;
				GCC_WARN_ABOUT_RETURN_TYPE = YES_ERROR;
				GCC_WARN_UNDECLARED_SELECTOR = YES;
				GCC_WARN_UNINITIALIZED_AUTOS = YES_AGGRESSIVE;
				GCC_WARN_UNUSED_FUNCTION = YES;
				GCC_WARN_UNUSED_VARIABLE = YES;
				IPHONEOS_DEPLOYMENT_TARGET = 6.0;
				MTL_ENABLE_DEBUG_INFO = YES;
				ONLY_ACTIVE_ARCH = YES;
				SDKROOT = iphoneos;
				VALID_ARCHS = "armv7 armv7s";
			};
			name = Debug;
		};
		3229DBD019E45632002624EA /* Release */ = {
			isa = XCBuildConfiguration;
			buildSettings = {
				ALWAYS_SEARCH_USER_PATHS = NO;
				ARCHS = armv7;
				CLANG_CXX_LANGUAGE_STANDARD = "gnu++0x";
				CLANG_CXX_LIBRARY = "libc++";
				CLANG_ENABLE_MODULES = YES;
				CLANG_ENABLE_OBJC_ARC = YES;
				CLANG_WARN_BOOL_CONVERSION = YES;
				CLANG_WARN_CONSTANT_CONVERSION = YES;
				CLANG_WARN_DIRECT_OBJC_ISA_USAGE = YES_ERROR;
				CLANG_WARN_EMPTY_BODY = YES;
				CLANG_WARN_ENUM_CONVERSION = YES;
				CLANG_WARN_INT_CONVERSION = YES;
				CLANG_WARN_OBJC_ROOT_CLASS = YES_ERROR;
				CLANG_WARN_UNREACHABLE_CODE = YES;
				CLANG_WARN__DUPLICATE_METHOD_MATCH = YES;
				"CODE_SIGN_IDENTITY[sdk=iphoneos*]" = "iPhone Developer";
				COPY_PHASE_STRIP = YES;
				ENABLE_NS_ASSERTIONS = NO;
				ENABLE_STRICT_OBJC_MSGSEND = YES;
				GCC_C_LANGUAGE_STANDARD = gnu99;
				GCC_WARN_64_TO_32_BIT_CONVERSION = YES;
				GCC_WARN_ABOUT_RETURN_TYPE = YES_ERROR;
				GCC_WARN_UNDECLARED_SELECTOR = YES;
				GCC_WARN_UNINITIALIZED_AUTOS = YES_AGGRESSIVE;
				GCC_WARN_UNUSED_FUNCTION = YES;
				GCC_WARN_UNUSED_VARIABLE = YES;
				IPHONEOS_DEPLOYMENT_TARGET = 6.0;
				MTL_ENABLE_DEBUG_INFO = NO;
				SDKROOT = iphoneos;
				VALIDATE_PRODUCT = YES;
				VALID_ARCHS = "armv7 armv7s";
			};
			name = Release;
		};
		3229DBD219E45632002624EA /* Debug */ = {
			isa = XCBuildConfiguration;
			buildSettings = {
				ASSETCATALOG_COMPILER_APPICON_NAME = AppIcon;
				FRAMEWORK_SEARCH_PATHS = (
					"$(inherited)",
					"$(PROJECT_DIR)/UTWHackathon",
				);
				INFOPLIST_FILE = UTWHackathon/Info.plist;
				LD_RUNPATH_SEARCH_PATHS = "$(inherited) @executable_path/Frameworks";
				OTHER_LDFLAGS = (
					"-lsqlite3",
					"-ObjC",
					"-all_load",
					"-lstdc++",
				);
				PRODUCT_NAME = "$(TARGET_NAME)";
			};
			name = Debug;
		};
		3229DBD319E45632002624EA /* Release */ = {
			isa = XCBuildConfiguration;
			buildSettings = {
				ASSETCATALOG_COMPILER_APPICON_NAME = AppIcon;
				FRAMEWORK_SEARCH_PATHS = (
					"$(inherited)",
					"$(PROJECT_DIR)/UTWHackathon",
				);
				INFOPLIST_FILE = UTWHackathon/Info.plist;
				LD_RUNPATH_SEARCH_PATHS = "$(inherited) @executable_path/Frameworks";
				OTHER_LDFLAGS = (
					"-lsqlite3",
					"-ObjC",
					"-all_load",
					"-lstdc++",
				);
				PRODUCT_NAME = "$(TARGET_NAME)";
			};
			name = Release;
		};
		3229DBD519E45632002624EA /* Debug */ = {
			isa = XCBuildConfiguration;
			buildSettings = {
				BUNDLE_LOADER = "$(TEST_HOST)";
				FRAMEWORK_SEARCH_PATHS = (
					"$(SDKROOT)/Developer/Library/Frameworks",
					"$(inherited)",
				);
				GCC_PREPROCESSOR_DEFINITIONS = (
					"DEBUG=1",
					"$(inherited)",
				);
				INFOPLIST_FILE = UTWHackathonTests/Info.plist;
				LD_RUNPATH_SEARCH_PATHS = "$(inherited) @executable_path/Frameworks @loader_path/Frameworks";
				PRODUCT_NAME = "$(TARGET_NAME)";
				TEST_HOST = "$(BUILT_PRODUCTS_DIR)/UTWHackathon.app/UTWHackathon";
			};
			name = Debug;
		};
		3229DBD619E45632002624EA /* Release */ = {
			isa = XCBuildConfiguration;
			buildSettings = {
				BUNDLE_LOADER = "$(TEST_HOST)";
				FRAMEWORK_SEARCH_PATHS = (
					"$(SDKROOT)/Developer/Library/Frameworks",
					"$(inherited)",
				);
				INFOPLIST_FILE = UTWHackathonTests/Info.plist;
				LD_RUNPATH_SEARCH_PATHS = "$(inherited) @executable_path/Frameworks @loader_path/Frameworks";
				PRODUCT_NAME = "$(TARGET_NAME)";
				TEST_HOST = "$(BUILT_PRODUCTS_DIR)/UTWHackathon.app/UTWHackathon";
			};
			name = Release;
		};
/* End XCBuildConfiguration section */

/* Begin XCConfigurationList section */
		3229DBA919E45632002624EA /* Build configuration list for PBXProject "UTWHackathon" */ = {
			isa = XCConfigurationList;
			buildConfigurations = (
				3229DBCF19E45632002624EA /* Debug */,
				3229DBD019E45632002624EA /* Release */,
			);
			defaultConfigurationIsVisible = 0;
			defaultConfigurationName = Release;
		};
		3229DBD119E45632002624EA /* Build configuration list for PBXNativeTarget "UTWHackathon" */ = {
			isa = XCConfigurationList;
			buildConfigurations = (
				3229DBD219E45632002624EA /* Debug */,
				3229DBD319E45632002624EA /* Release */,
			);
			defaultConfigurationIsVisible = 0;
			defaultConfigurationName = Release;
		};
		3229DBD419E45632002624EA /* Build configuration list for PBXNativeTarget "UTWHackathonTests" */ = {
			isa = XCConfigurationList;
			buildConfigurations = (
				3229DBD519E45632002624EA /* Debug */,
				3229DBD619E45632002624EA /* Release */,
			);
			defaultConfigurationIsVisible = 0;
			defaultConfigurationName = Release;
		};
/* End XCConfigurationList section */
	};
	rootObject = 3229DBA619E45632002624EA /* Project object */;
}
